
Microsoft Visual Studio Solution File, Format Version 12.00
# Visual Studio Version 17
VisualStudioVersion = 17.4.33110.190
MinimumVisualStudioVersion = 10.0.40219.1
Project("{9A19103F-16F7-4668-BE54-9A1E7A4F7556}") = "Infrastructure.RepositoryPattern", "Infrastructure.RepositoryPattern\Infrastructure.RepositoryPattern.csproj", "{979A8D63-B5F8-46EC-B311-EA6522A22B06}"
EndProject
Project("{2150E333-8FDC-42A3-9474-1A3956D46DE8}") = "Sample", "Sample", "{A3E59AA2-7942-4C69-BC79-5046A162BBD9}"
EndProject
Project("{9A19103F-16F7-4668-BE54-9A1E7A4F7556}") = "API", "Sample\API\API.csproj", "{D9E1F637-1C55-4B58-BBEF-DB6BF46424DB}"
EndProject
Project("{9A19103F-16F7-4668-BE54-9A1E7A4F7556}") = "Core", "Sample\Core\Core.csproj", "{80A725FF-E354-46D4-AAB6-4AA20A2C9727}"
EndProject
Project("{9A19103F-16F7-4668-BE54-9A1E7A4F7556}") = "Infrastructure", "Sample\Infrastructure\Infrastructure.csproj", "{5CFAEEEF-3140-4EF0-8405-91CA25D6BC7F}"
EndProject
Global
	GlobalSection(SolutionConfigurationPlatforms) = preSolution
		Debug|Any CPU = Debug|Any CPU
		Release|Any CPU = Release|Any CPU
	EndGlobalSection
	GlobalSection(ProjectConfigurationPlatforms) = postSolution
		{979A8D63-B5F8-46EC-B311-EA6522A22B06}.Debug|Any CPU.ActiveCfg = Debug|Any CPU
		{979A8D63-B5F8-46EC-B311-EA6522A22B06}.Debug|Any CPU.Build.0 = Debug|Any CPU
		{979A8D63-B5F8-46EC-B311-EA6522A22B06}.Release|Any CPU.ActiveCfg = Release|Any CPU
		{979A8D63-B5F8-46EC-B311-EA6522A22B06}.Release|Any CPU.Build.0 = Release|Any CPU
		{D9E1F637-1C55-4B58-BBEF-DB6BF46424DB}.Debug|Any CPU.ActiveCfg = Debug|Any CPU
		{D9E1F637-1C55-4B58-BBEF-DB6BF46424DB}.Debug|Any CPU.Build.0 = Debug|Any CPU
		{D9E1F637-1C55-4B58-BBEF-DB6BF46424DB}.Release|Any CPU.ActiveCfg = Release|Any CPU
		{D9E1F637-1C55-4B58-BBEF-DB6BF46424DB}.Release|Any CPU.Build.0 = Release|Any CPU
		{80A725FF-E354-46D4-AAB6-4AA20A2C9727}.Debug|Any CPU.ActiveCfg = Debug|Any CPU
		{80A725FF-E354-46D4-AAB6-4AA20A2C9727}.Debug|Any CPU.Build.0 = Debug|Any CPU
		{80A725FF-E354-46D4-AAB6-4AA20A2C9727}.Release|Any CPU.ActiveCfg = Release|Any CPU
		{80A725FF-E354-46D4-AAB6-4AA20A2C9727}.Release|Any CPU.Build.0 = Release|Any CPU
		{5CFAEEEF-3140-4EF0-8405-91CA25D6BC7F}.Debug|Any CPU.ActiveCfg = Debug|Any CPU
		{5CFAEEEF-3140-4EF0-8405-91CA25D6BC7F}.Debug|Any CPU.Build.0 = Debug|Any CPU
		{5CFAEEEF-3140-4EF0-8405-91CA25D6BC7F}.Release|Any CPU.ActiveCfg = Release|Any CPU
		{5CFAEEEF-3140-4EF0-8405-91CA25D6BC7F}.Release|Any CPU.Build.0 = Release|Any CPU
	EndGlobalSection
	GlobalSection(SolutionProperties) = preSolution
		HideSolutionNode = FALSE
	EndGlobalSection
	GlobalSection(NestedProjects) = preSolution
		{D9E1F637-1C55-4B58-BBEF-DB6BF46424DB} = {A3E59AA2-7942-4C69-BC79-5046A162BBD9}
		{80A725FF-E354-46D4-AAB6-4AA20A2C9727} = {A3E59AA2-7942-4C69-BC79-5046A162BBD9}
		{5CFAEEEF-3140-4EF0-8405-91CA25D6BC7F} = {A3E59AA2-7942-4C69-BC79-5046A162BBD9}
	EndGlobalSection
	GlobalSection(ExtensibilityGlobals) = postSolution
		SolutionGuid = {83A8A8D2-514C-4410-983F-B2C85F629EC6}
	EndGlobalSection
EndGlobal
